// !$*UTF8*$!
{
	archiveVersion = 1;
	classes = {
	};
	objectVersion = 77;
	objects = {

/* Begin PBXContainerItemProxy section */
		EFC1F9A02DAF1C47003FF9A9 /* PBXContainerItemProxy */ = {
			isa = PBXContainerItemProxy;
			containerPortal = EFC1F9872DAF1C46003FF9A9 /* Project object */;
			proxyType = 1;
			remoteGlobalIDString = EFC1F98E2DAF1C46003FF9A9;
			remoteInfo = "iOS Platform Assessment";
		};
		EFC1F9AA2DAF1C47003FF9A9 /* PBXContainerItemProxy */ = {
			isa = PBXContainerItemProxy;
			containerPortal = EFC1F9872DAF1C46003FF9A9 /* Project object */;
			proxyType = 1;
			remoteGlobalIDString = EFC1F98E2DAF1C46003FF9A9;
			remoteInfo = "iOS Platform Assessment";
		};
/* End PBXContainerItemProxy section */

/* Begin PBXFileReference section */
		EFC1F98F2DAF1C46003FF9A9 /* iOS Platform Assessment.app */ = {isa = PBXFileReference; explicitFileType = wrapper.application; includeInIndex = 0; path = "iOS Platform Assessment.app"; sourceTree = BUILT_PRODUCTS_DIR; };
		EFC1F99F2DAF1C47003FF9A9 /* iOS Platform AssessmentTests.xctest */ = {isa = PBXFileReference; explicitFileType = wrapper.cfbundle; includeInIndex = 0; path = "iOS Platform AssessmentTests.xctest"; sourceTree = BUILT_PRODUCTS_DIR; };
		EFC1F9A92DAF1C47003FF9A9 /* iOS Platform AssessmentUITests.xctest */ = {isa = PBXFileReference; explicitFileType = wrapper.cfbundle; includeInIndex = 0; path = "iOS Platform AssessmentUITests.xctest"; sourceTree = BUILT_PRODUCTS_DIR; };
/* End PBXFileReference section */

/* Begin PBXFileSystemSynchronizedRootGroup section */
		EFC1F9912DAF1C46003FF9A9 /* iOS Platform Assessment */ = {
			isa = PBXFileSystemSynchronizedRootGroup;
			path = "iOS Platform Assessment";
			sourceTree = "<group>";
		};
		EFC1F9A22DAF1C47003FF9A9 /* iOS Platform AssessmentTests */ = {
			isa = PBXFileSystemSynchronizedRootGroup;
			path = "iOS Platform AssessmentTests";
			sourceTree = "<group>";
		};
		EFC1F9AC2DAF1C47003FF9A9 /* iOS Platform AssessmentUITests */ = {
			isa = PBXFileSystemSynchronizedRootGroup;
			path = "iOS Platform AssessmentUITests";
			sourceTree = "<group>";
		};
/* End PBXFileSystemSynchronizedRootGroup section */

/* Begin PBXFrameworksBuildPhase section */
		EFC1F98C2DAF1C46003FF9A9 /* Frameworks */ = {
			isa = PBXFrameworksBuildPhase;
			buildActionMask = 2147483647;
			files = (
			);
			runOnlyForDeploymentPostprocessing = 0;
		};
		EFC1F99C2DAF1C47003FF9A9 /* Frameworks */ = {
			isa = PBXFrameworksBuildPhase;
			buildActionMask = 2147483647;
			files = (
			);
			runOnlyForDeploymentPostprocessing = 0;
		};
		EFC1F9A62DAF1C47003FF9A9 /* Frameworks */ = {
			isa = PBXFrameworksBuildPhase;
			buildActionMask = 2147483647;
			files = (
			);
			runOnlyForDeploymentPostprocessing = 0;
		};
/* End PBXFrameworksBuildPhase section */

/* Begin PBXGroup section */
		EFC1F9862DAF1C46003FF9A9 = {
			isa = PBXGroup;
			children = (
				EFC1F9912DAF1C46003FF9A9 /* iOS Platform Assessment */,
				EFC1F9A22DAF1C47003FF9A9 /* iOS Platform AssessmentTests */,
				EFC1F9AC2DAF1C47003FF9A9 /* iOS Platform AssessmentUITests */,
				EFC1F9902DAF1C46003FF9A9 /* Products */,
			);
			sourceTree = "<group>";
		};
		EFC1F9902DAF1C46003FF9A9 /* Products */ = {
			isa = PBXGroup;
			children = (
				EFC1F98F2DAF1C46003FF9A9 /* iOS Platform Assessment.app */,
				EFC1F99F2DAF1C47003FF9A9 /* iOS Platform AssessmentTests.xctest */,
				EFC1F9A92DAF1C47003FF9A9 /* iOS Platform AssessmentUITests.xctest */,
			);
			name = Products;
			sourceTree = "<group>";
		};
/* End PBXGroup section */

/* Begin PBXNativeTarget section */
		EFC1F98E2DAF1C46003FF9A9 /* iOS Platform Assessment */ = {
			isa = PBXNativeTarget;
			buildConfigurationList = EFC1F9B32DAF1C47003FF9A9 /* Build configuration list for PBXNativeTarget "iOS Platform Assessment" */;
			buildPhases = (
				EFC1F98B2DAF1C46003FF9A9 /* Sources */,
				EFC1F98C2DAF1C46003FF9A9 /* Frameworks */,
				EFC1F98D2DAF1C46003FF9A9 /* Resources */,
			);
			buildRules = (
			);
			dependencies = (
			);
			fileSystemSynchronizedGroups = (
				EFC1F9912DAF1C46003FF9A9 /* iOS Platform Assessment */,
			);
			name = "iOS Platform Assessment";
			packageProductDependencies = (
			);
			productName = "iOS Platform Assessment";
			productReference = EFC1F98F2DAF1C46003FF9A9 /* iOS Platform Assessment.app */;
			productType = "com.apple.product-type.application";
		};
		EFC1F99E2DAF1C47003FF9A9 /* iOS Platform AssessmentTests */ = {
			isa = PBXNativeTarget;
			buildConfigurationList = EFC1F9B62DAF1C47003FF9A9 /* Build configuration list for PBXNativeTarget "iOS Platform AssessmentTests" */;
			buildPhases = (
				EFC1F99B2DAF1C47003FF9A9 /* Sources */,
				EFC1F99C2DAF1C47003FF9A9 /* Frameworks */,
				EFC1F99D2DAF1C47003FF9A9 /* Resources */,
			);
			buildRules = (
			);
			dependencies = (
				EFC1F9A12DAF1C47003FF9A9 /* PBXTargetDependency */,
			);
			fileSystemSynchronizedGroups = (
				EFC1F9A22DAF1C47003FF9A9 /* iOS Platform AssessmentTests */,
			);
			name = "iOS Platform AssessmentTests";
			packageProductDependencies = (
			);
			productName = "iOS Platform AssessmentTests";
			productReference = EFC1F99F2DAF1C47003FF9A9 /* iOS Platform AssessmentTests.xctest */;
			productType = "com.apple.product-type.bundle.unit-test";
		};
		EFC1F9A82DAF1C47003FF9A9 /* iOS Platform AssessmentUITests */ = {
			isa = PBXNativeTarget;
			buildConfigurationList = EFC1F9B92DAF1C47003FF9A9 /* Build configuration list for PBXNativeTarget "iOS Platform AssessmentUITests" */;
			buildPhases = (
				EFC1F9A52DAF1C47003FF9A9 /* Sources */,
				EFC1F9A62DAF1C47003FF9A9 /* Frameworks */,
				EFC1F9A72DAF1C47003FF9A9 /* Resources */,
			);
			buildRules = (
			);
			dependencies = (
				EFC1F9AB2DAF1C47003FF9A9 /* PBXTargetDependency */,
			);
			fileSystemSynchronizedGroups = (
				EFC1F9AC2DAF1C47003FF9A9 /* iOS Platform AssessmentUITests */,
			);
			name = "iOS Platform AssessmentUITests";
			packageProductDependencies = (
			);
			productName = "iOS Platform AssessmentUITests";
			productReference = EFC1F9A92DAF1C47003FF9A9 /* iOS Platform AssessmentUITests.xctest */;
			productType = "com.apple.product-type.bundle.ui-testing";
		};
/* End PBXNativeTarget section */

/* Begin PBXProject section */
		EFC1F9872DAF1C46003FF9A9 /* Project object */ = {
			isa = PBXProject;
			attributes = {
				BuildIndependentTargetsInParallel = 1;
				LastSwiftUpdateCheck = 1600;
				LastUpgradeCheck = 1600;
				TargetAttributes = {
					EFC1F98E2DAF1C46003FF9A9 = {
						CreatedOnToolsVersion = 16.0;
					};
					EFC1F99E2DAF1C47003FF9A9 = {
						CreatedOnToolsVersion = 16.0;
						TestTargetID = EFC1F98E2DAF1C46003FF9A9;
					};
					EFC1F9A82DAF1C47003FF9A9 = {
						CreatedOnToolsVersion = 16.0;
						TestTargetID = EFC1F98E2DAF1C46003FF9A9;
					};
				};
			};
			buildConfigurationList = EFC1F98A2DAF1C46003FF9A9 /* Build configuration list for PBXProject "iOS Platform Assessment" */;
			developmentRegion = en;
			hasScannedForEncodings = 0;
			knownRegions = (
				en,
				Base,
			);
			mainGroup = EFC1F9862DAF1C46003FF9A9;
			minimizedProjectReferenceProxies = 1;
			preferredProjectObjectVersion = 77;
			productRefGroup = EFC1F9902DAF1C46003FF9A9 /* Products */;
			projectDirPath = "";
			projectRoot = "";
			targets = (
				EFC1F98E2DAF1C46003FF9A9 /* iOS Platform Assessment */,
				EFC1F99E2DAF1C47003FF9A9 /* iOS Platform AssessmentTests */,
				EFC1F9A82DAF1C47003FF9A9 /* iOS Platform AssessmentUITests */,
			);
		};
/* End PBXProject section */

/* Begin PBXResourcesBuildPhase section */
		EFC1F98D2DAF1C46003FF9A9 /* Resources */ = {
			isa = PBXResourcesBuildPhase;
			buildActionMask = 2147483647;
			files = (
			);
			runOnlyForDeploymentPostprocessing = 0;
		};
		EFC1F99D2DAF1C47003FF9A9 /* Resources */ = {
			isa = PBXResourcesBuildPhase;
			buildActionMask = 2147483647;
			files = (
			);
			runOnlyForDeploymentPostprocessing = 0;
		};
		EFC1F9A72DAF1C47003FF9A9 /* Resources */ = {
			isa = PBXResourcesBuildPhase;
			buildActionMask = 2147483647;
			files = (
			);
			runOnlyForDeploymentPostprocessing = 0;
		};
/* End PBXResourcesBuildPhase section */

/* Begin PBXSourcesBuildPhase section */
		EFC1F98B2DAF1C46003FF9A9 /* Sources */ = {
			isa = PBXSourcesBuildPhase;
			buildActionMask = 2147483647;
			files = (
			);
			runOnlyForDeploymentPostprocessing = 0;
		};
		EFC1F99B2DAF1C47003FF9A9 /* Sources */ = {
			isa = PBXSourcesBuildPhase;
			buildActionMask = 2147483647;
			files = (
			);
			runOnlyForDeploymentPostprocessing = 0;
		};
		EFC1F9A52DAF1C47003FF9A9 /* Sources */ = {
			isa = PBXSourcesBuildPhase;
			buildActionMask = 2147483647;
			files = (
			);
			runOnlyForDeploymentPostprocessing = 0;
		};
/* End PBXSourcesBuildPhase section */

/* Begin PBXTargetDependency section */
		EFC1F9A12DAF1C47003FF9A9 /* PBXTargetDependency */ = {
			isa = PBXTargetDependency;
			target = EFC1F98E2DAF1C46003FF9A9 /* iOS Platform Assessment */;
			targetProxy = EFC1F9A02DAF1C47003FF9A9 /* PBXContainerItemProxy */;
		};
		EFC1F9AB2DAF1C47003FF9A9 /* PBXTargetDependency */ = {
			isa = PBXTargetDependency;
			target = EFC1F98E2DAF1C46003FF9A9 /* iOS Platform Assessment */;
			targetProxy = EFC1F9AA2DAF1C47003FF9A9 /* PBXContainerItemProxy */;
		};
/* End PBXTargetDependency section */

/* Begin XCBuildConfiguration section */
		EFC1F9B12DAF1C47003FF9A9 /* Debug */ = {
			isa = XCBuildConfiguration;
			buildSettings = {
				ALWAYS_SEARCH_USER_PATHS = NO;
				ASSETCATALOG_COMPILER_GENERATE_SWIFT_ASSET_SYMBOL_EXTENSIONS = YES;
				CLANG_ANALYZER_NONNULL = YES;
				CLANG_ANALYZER_NUMBER_OBJECT_CONVERSION = YES_AGGRESSIVE;
				CLANG_CXX_LANGUAGE_STANDARD = "gnu++20";
				CLANG_ENABLE_MODULES = YES;
				CLANG_ENABLE_OBJC_ARC = YES;
				CLANG_ENABLE_OBJC_WEAK = YES;
				CLANG_WARN_BLOCK_CAPTURE_AUTORELEASING = YES;
				CLANG_WARN_BOOL_CONVERSION = YES;
				CLANG_WARN_COMMA = YES;
				CLANG_WARN_CONSTANT_CONVERSION = YES;
				CLANG_WARN_DEPRECATED_OBJC_IMPLEMENTATIONS = YES;
				CLANG_WARN_DIRECT_OBJC_ISA_USAGE = YES_ERROR;
				CLANG_WARN_DOCUMENTATION_COMMENTS = YES;
				CLANG_WARN_EMPTY_BODY = YES;
				CLANG_WARN_ENUM_CONVERSION = YES;
				CLANG_WARN_INFINITE_RECURSION = YES;
				CLANG_WARN_INT_CONVERSION = YES;
				CLANG_WARN_NON_LITERAL_NULL_CONVERSION = YES;
				CLANG_WARN_OBJC_IMPLICIT_RETAIN_SELF = YES;
				CLANG_WARN_OBJC_LITERAL_CONVERSION = YES;
				CLANG_WARN_OBJC_ROOT_CLASS = YES_ERROR;
				CLANG_WARN_QUOTED_INCLUDE_IN_FRAMEWORK_HEADER = YES;
				CLANG_WARN_RANGE_LOOP_ANALYSIS = YES;
				CLANG_WARN_STRICT_PROTOTYPES = YES;
				CLANG_WARN_SUSPICIOUS_MOVE = YES;
				CLANG_WARN_UNGUARDED_AVAILABILITY = YES_AGGRESSIVE;
				CLANG_WARN_UNREACHABLE_CODE = YES;
				CLANG_WARN__DUPLICATE_METHOD_MATCH = YES;
				COPY_PHASE_STRIP = NO;
				DEBUG_INFORMATION_FORMAT = dwarf;
				ENABLE_STRICT_OBJC_MSGSEND = YES;
				ENABLE_TESTABILITY = YES;
				ENABLE_USER_SCRIPT_SANDBOXING = YES;
				GCC_C_LANGUAGE_STANDARD = gnu17;
				GCC_DYNAMIC_NO_PIC = NO;
				GCC_NO_COMMON_BLOCKS = YES;
				GCC_OPTIMIZATION_LEVEL = 0;
				GCC_PREPROCESSOR_DEFINITIONS = (
					"DEBUG=1",
					"$(inherited)",
				);
				GCC_WARN_64_TO_32_BIT_CONVERSION = YES;
				GCC_WARN_ABOUT_RETURN_TYPE = YES_ERROR;
				GCC_WARN_UNDECLARED_SELECTOR = YES;
				GCC_WARN_UNINITIALIZED_AUTOS = YES_AGGRESSIVE;
				GCC_WARN_UNUSED_FUNCTION = YES;
				GCC_WARN_UNUSED_VARIABLE = YES;
				IPHONEOS_DEPLOYMENT_TARGET = 18.0;
				LOCALIZATION_PREFERS_STRING_CATALOGS = YES;
				MTL_ENABLE_DEBUG_INFO = INCLUDE_SOURCE;
				MTL_FAST_MATH = YES;
				ONLY_ACTIVE_ARCH = YES;
				SDKROOT = iphoneos;
				SWIFT_ACTIVE_COMPILATION_CONDITIONS = "DEBUG $(inherited)";
				SWIFT_OPTIMIZATION_LEVEL = "-Onone";
			};
			name = Debug;
		};
		EFC1F9B22DAF1C47003FF9A9 /* Release */ = {
			isa = XCBuildConfiguration;
			buildSettings = {
				ALWAYS_SEARCH_USER_PATHS = NO;
				ASSETCATALOG_COMPILER_GENERATE_SWIFT_ASSET_SYMBOL_EXTENSIONS = YES;
				CLANG_ANALYZER_NONNULL = YES;
				CLANG_ANALYZER_NUMBER_OBJECT_CONVERSION = YES_AGGRESSIVE;
				CLANG_CXX_LANGUAGE_STANDARD = "gnu++20";
				CLANG_ENABLE_MODULES = YES;
				CLANG_ENABLE_OBJC_ARC = YES;
				CLANG_ENABLE_OBJC_WEAK = YES;
				CLANG_WARN_BLOCK_CAPTURE_AUTORELEASING = YES;
				CLANG_WARN_BOOL_CONVERSION = YES;
				CLANG_WARN_COMMA = YES;
				CLANG_WARN_CONSTANT_CONVERSION = YES;
				CLANG_WARN_DEPRECATED_OBJC_IMPLEMENTATIONS = YES;
				CLANG_WARN_DIRECT_OBJC_ISA_USAGE = YES_ERROR;
				CLANG_WARN_DOCUMENTATION_COMMENTS = YES;
				CLANG_WARN_EMPTY_BODY = YES;
				CLANG_WARN_ENUM_CONVERSION = YES;
				CLANG_WARN_INFINITE_RECURSION = YES;
				CLANG_WARN_INT_CONVERSION = YES;
				CLANG_WARN_NON_LITERAL_NULL_CONVERSION = YES;
				CLANG_WARN_OBJC_IMPLICIT_RETAIN_SELF = YES;
				CLANG_WARN_OBJC_LITERAL_CONVERSION = YES;
				CLANG_WARN_OBJC_ROOT_CLASS = YES_ERROR;
				CLANG_WARN_QUOTED_INCLUDE_IN_FRAMEWORK_HEADER = YES;
				CLANG_WARN_RANGE_LOOP_ANALYSIS = YES;
				CLANG_WARN_STRICT_PROTOTYPES = YES;
				CLANG_WARN_SUSPICIOUS_MOVE = YES;
				CLANG_WARN_UNGUARDED_AVAILABILITY = YES_AGGRESSIVE;
				CLANG_WARN_UNREACHABLE_CODE = YES;
				CLANG_WARN__DUPLICATE_METHOD_MATCH = YES;
				COPY_PHASE_STRIP = NO;
				DEBUG_INFORMATION_FORMAT = "dwarf-with-dsym";
				ENABLE_NS_ASSERTIONS = NO;
				ENABLE_STRICT_OBJC_MSGSEND = YES;
				ENABLE_USER_SCRIPT_SANDBOXING = YES;
				GCC_C_LANGUAGE_STANDARD = gnu17;
				GCC_NO_COMMON_BLOCKS = YES;
				GCC_WARN_64_TO_32_BIT_CONVERSION = YES;
				GCC_WARN_ABOUT_RETURN_TYPE = YES_ERROR;
				GCC_WARN_UNDECLARED_SELECTOR = YES;
				GCC_WARN_UNINITIALIZED_AUTOS = YES_AGGRESSIVE;
				GCC_WARN_UNUSED_FUNCTION = YES;
				GCC_WARN_UNUSED_VARIABLE = YES;
				IPHONEOS_DEPLOYMENT_TARGET = 18.0;
				LOCALIZATION_PREFERS_STRING_CATALOGS = YES;
				MTL_ENABLE_DEBUG_INFO = NO;
				MTL_FAST_MATH = YES;
				SDKROOT = iphoneos;
				SWIFT_COMPILATION_MODE = wholemodule;
				VALIDATE_PRODUCT = YES;
			};
			name = Release;
		};
		EFC1F9B42DAF1C47003FF9A9 /* Debug */ = {
			isa = XCBuildConfiguration;
			buildSettings = {
				ASSETCATALOG_COMPILER_APPICON_NAME = AppIcon;
				ASSETCATALOG_COMPILER_GLOBAL_ACCENT_COLOR_NAME = AccentColor;
				CODE_SIGN_STYLE = Automatic;
				CURRENT_PROJECT_VERSION = 1;
				DEVELOPMENT_ASSET_PATHS = "\"iOS Platform Assessment/Preview Content\"";
				DEVELOPMENT_TEAM = Y2CK289TA7;
				ENABLE_PREVIEWS = YES;
				GENERATE_INFOPLIST_FILE = YES;
				INFOPLIST_KEY_UIApplicationSceneManifest_Generation = YES;
				INFOPLIST_KEY_UIApplicationSupportsIndirectInputEvents = YES;
				INFOPLIST_KEY_UILaunchScreen_Generation = YES;
				INFOPLIST_KEY_UISupportedInterfaceOrientations_iPad = "UIInterfaceOrientationPortrait UIInterfaceOrientationPortraitUpsideDown UIInterfaceOrientationLandscapeLeft UIInterfaceOrientationLandscapeRight";
				INFOPLIST_KEY_UISupportedInterfaceOrientations_iPhone = "UIInterfaceOrientationPortrait UIInterfaceOrientationLandscapeLeft UIInterfaceOrientationLandscapeRight";
				LD_RUNPATH_SEARCH_PATHS = (
					"$(inherited)",
					"@executable_path/Frameworks",
				);
				MARKETING_VERSION = 1.0;
				PRODUCT_BUNDLE_IDENTIFIER = "com.fleetio.iOS-Platform-Assessment";
				PRODUCT_NAME = "$(TARGET_NAME)";
				SWIFT_EMIT_LOC_STRINGS = YES;
				SWIFT_VERSION = 5.0;
				TARGETED_DEVICE_FAMILY = "1,2";
			};
			name = Debug;
		};
		EFC1F9B52DAF1C47003FF9A9 /* Release */ = {
			isa = XCBuildConfiguration;
			buildSettings = {
				ASSETCATALOG_COMPILER_APPICON_NAME = AppIcon;
				ASSETCATALOG_COMPILER_GLOBAL_ACCENT_COLOR_NAME = AccentColor;
				CODE_SIGN_STYLE = Automatic;
				CURRENT_PROJECT_VERSION = 1;
				DEVELOPMENT_ASSET_PATHS = "\"iOS Platform Assessment/Preview Content\"";
				DEVELOPMENT_TEAM = Y2CK289TA7;
				ENABLE_PREVIEWS = YES;
				GENERATE_INFOPLIST_FILE = YES;
				INFOPLIST_KEY_UIApplicationSceneManifest_Generation = YES;
				INFOPLIST_KEY_UIApplicationSupportsIndirectInputEvents = YES;
				INFOPLIST_KEY_UILaunchScreen_Generation = YES;
				INFOPLIST_KEY_UISupportedInterfaceOrientations_iPad = "UIInterfaceOrientationPortrait UIInterfaceOrientationPortraitUpsideDown UIInterfaceOrientationLandscapeLeft UIInterfaceOrientationLandscapeRight";
				INFOPLIST_KEY_UISupportedInterfaceOrientations_iPhone = "UIInterfaceOrientationPortrait UIInterfaceOrientationLandscapeLeft UIInterfaceOrientationLandscapeRight";
				LD_RUNPATH_SEARCH_PATHS = (
					"$(inherited)",
					"@executable_path/Frameworks",
				);
				MARKETING_VERSION = 1.0;
				PRODUCT_BUNDLE_IDENTIFIER = "com.fleetio.iOS-Platform-Assessment";
				PRODUCT_NAME = "$(TARGET_NAME)";
				SWIFT_EMIT_LOC_STRINGS = YES;
				SWIFT_VERSION = 5.0;
				TARGETED_DEVICE_FAMILY = "1,2";
			};
			name = Release;
		};
		EFC1F9B72DAF1C47003FF9A9 /* Debug */ = {
			isa = XCBuildConfiguration;
			buildSettings = {
				BUNDLE_LOADER = "$(TEST_HOST)";
				CODE_SIGN_STYLE = Automatic;
				CURRENT_PROJECT_VERSION = 1;
				DEVELOPMENT_TEAM = Y2CK289TA7;
				GENERATE_INFOPLIST_FILE = YES;
				IPHONEOS_DEPLOYMENT_TARGET = 18.0;
				MARKETING_VERSION = 1.0;
				PRODUCT_BUNDLE_IDENTIFIER = "com.fleetio.iOS-Platform-AssessmentTests";
				PRODUCT_NAME = "$(TARGET_NAME)";
				SWIFT_EMIT_LOC_STRINGS = NO;
				SWIFT_VERSION = 5.0;
				TARGETED_DEVICE_FAMILY = "1,2";
				TEST_HOST = "$(BUILT_PRODUCTS_DIR)/iOS Platform Assessment.app/$(BUNDLE_EXECUTABLE_FOLDER_PATH)/iOS Platform Assessment";
			};
			name = Debug;
		};
		EFC1F9B82DAF1C47003FF9A9 /* Release */ = {
			isa = XCBuildConfiguration;
			buildSettings = {
				BUNDLE_LOADER = "$(TEST_HOST)";
				CODE_SIGN_STYLE = Automatic;
				CURRENT_PROJECT_VERSION = 1;
				DEVELOPMENT_TEAM = Y2CK289TA7;
				GENERATE_INFOPLIST_FILE = YES;
				IPHONEOS_DEPLOYMENT_TARGET = 18.0;
				MARKETING_VERSION = 1.0;
				PRODUCT_BUNDLE_IDENTIFIER = "com.fleetio.iOS-Platform-AssessmentTests";
				PRODUCT_NAME = "$(TARGET_NAME)";
				SWIFT_EMIT_LOC_STRINGS = NO;
				SWIFT_VERSION = 5.0;
				TARGETED_DEVICE_FAMILY = "1,2";
				TEST_HOST = "$(BUILT_PRODUCTS_DIR)/iOS Platform Assessment.app/$(BUNDLE_EXECUTABLE_FOLDER_PATH)/iOS Platform Assessment";
			};
			name = Release;
		};
		EFC1F9BA2DAF1C47003FF9A9 /* Debug */ = {
			isa = XCBuildConfiguration;
			buildSettings = {
				CODE_SIGN_STYLE = Automatic;
				CURRENT_PROJECT_VERSION = 1;
				DEVELOPMENT_TEAM = Y2CK289TA7;
				GENERATE_INFOPLIST_FILE = YES;
				MARKETING_VERSION = 1.0;
				PRODUCT_BUNDLE_IDENTIFIER = "com.fleetio.iOS-Platform-AssessmentUITests";
				PRODUCT_NAME = "$(TARGET_NAME)";
				SWIFT_EMIT_LOC_STRINGS = NO;
				SWIFT_VERSION = 5.0;
				TARGETED_DEVICE_FAMILY = "1,2";
				TEST_TARGET_NAME = "iOS Platform Assessment";
			};
			name = Debug;
		};
		EFC1F9BB2DAF1C47003FF9A9 /* Release */ = {
			isa = XCBuildConfiguration;
			buildSettings = {
				CODE_SIGN_STYLE = Automatic;
				CURRENT_PROJECT_VERSION = 1;
				DEVELOPMENT_TEAM = Y2CK289TA7;
				GENERATE_INFOPLIST_FILE = YES;
				MARKETING_VERSION = 1.0;
				PRODUCT_BUNDLE_IDENTIFIER = "com.fleetio.iOS-Platform-AssessmentUITests";
				PRODUCT_NAME = "$(TARGET_NAME)";
				SWIFT_EMIT_LOC_STRINGS = NO;
				SWIFT_VERSION = 5.0;
				TARGETED_DEVICE_FAMILY = "1,2";
				TEST_TARGET_NAME = "iOS Platform Assessment";
			};
			name = Release;
		};
/* End XCBuildConfiguration section */

/* Begin XCConfigurationList section */
		EFC1F98A2DAF1C46003FF9A9 /* Build configuration list for PBXProject "iOS Platform Assessment" */ = {
			isa = XCConfigurationList;
			buildConfigurations = (
				EFC1F9B12DAF1C47003FF9A9 /* Debug */,
				EFC1F9B22DAF1C47003FF9A9 /* Release */,
			);
			defaultConfigurationIsVisible = 0;
			defaultConfigurationName = Release;
		};
		EFC1F9B32DAF1C47003FF9A9 /* Build configuration list for PBXNativeTarget "iOS Platform Assessment" */ = {
			isa = XCConfigurationList;
			buildConfigurations = (
				EFC1F9B42DAF1C47003FF9A9 /* Debug */,
				EFC1F9B52DAF1C47003FF9A9 /* Release */,
			);
			defaultConfigurationIsVisible = 0;
			defaultConfigurationName = Release;
		};
		EFC1F9B62DAF1C47003FF9A9 /* Build configuration list for PBXNativeTarget "iOS Platform AssessmentTests" */ = {
			isa = XCConfigurationList;
			buildConfigurations = (
				EFC1F9B72DAF1C47003FF9A9 /* Debug */,
				EFC1F9B82DAF1C47003FF9A9 /* Release */,
			);
			defaultConfigurationIsVisible = 0;
			defaultConfigurationName = Release;
		};
		EFC1F9B92DAF1C47003FF9A9 /* Build configuration list for PBXNativeTarget "iOS Platform AssessmentUITests" */ = {
			isa = XCConfigurationList;
			buildConfigurations = (
				EFC1F9BA2DAF1C47003FF9A9 /* Debug */,
				EFC1F9BB2DAF1C47003FF9A9 /* Release */,
			);
			defaultConfigurationIsVisible = 0;
			defaultConfigurationName = Release;
		};
/* End XCConfigurationList section */
	};
	rootObject = EFC1F9872DAF1C46003FF9A9 /* Project object */;
}
